
Microsoft Visual Studio Solution File, Format Version 12.00
# Visual Studio Version 16
VisualStudioVersion = 16.0.29418.71
MinimumVisualStudioVersion = 10.0.40219.1
Project("{FAE04EC0-301F-11D3-BF4B-00C04F79EFBC}") = "SensorOverview", "SensorOverview\SensorOverview.csproj", "{47A5AFCF-CDC2-4D55-B01F-A63ECB6FE173}"
EndProject
Global
	GlobalSection(SolutionConfigurationPlatforms) = preSolution
		Debug|Any CPU = Debug|Any CPU
		Release|Any CPU = Release|Any CPU
	EndGlobalSection
	GlobalSection(ProjectConfigurationPlatforms) = postSolution
		{47A5AFCF-CDC2-4D55-B01F-A63ECB6FE173}.Debug|Any CPU.ActiveCfg = Debug|Any CPU
		{47A5AFCF-CDC2-4D55-B01F-A63ECB6FE173}.Debug|Any CPU.Build.0 = Debug|Any CPU
		{47A5AFCF-CDC2-4D55-B01F-A63ECB6FE173}.Release|Any CPU.ActiveCfg = Release|Any CPU
		{47A5AFCF-CDC2-4D55-B01F-A63ECB6FE173}.Release|Any CPU.Build.0 = Release|Any CPU
	EndGlobalSection
	GlobalSection(SolutionProperties) = preSolution
		HideSolutionNode = FALSE
	EndGlobalSection
	GlobalSection(ExtensibilityGlobals) = postSolution
		SolutionGuid = {54850417-E58D-48F8-9206-F6BF7534F42B}
	EndGlobalSection
EndGlobal
